
Microsoft Visual Studio Solution File, Format Version 12.00
# Visual Studio 2013
VisualStudioVersion = 12.0.40629.0
MinimumVisualStudioVersion = 10.0.40219.1
Project("{FAE04EC0-301F-11D3-BF4B-00C04F79EFBC}") = "DomainLogic.Test", "DomainLogic.Test\DomainLogic.Test.csproj", "{C4C70E29-919B-4E76-9C6E-BA095627FF26}"
EndProject
Project("{FAE04EC0-301F-11D3-BF4B-00C04F79EFBC}") = "DomainLogic", "DomainLogic\DomainLogic.csproj", "{9B10D360-E4CE-4D50-A198-6E3E0B9AC3C6}"
EndProject
Project("{FAE04EC0-301F-11D3-BF4B-00C04F79EFBC}") = "DomainClasses.Test", "DomainClasses.Test\DomainClasses.Test.csproj", "{45737CBF-3D83-462F-AD6D-D036B6D56928}"
EndProject
Project("{FAE04EC0-301F-11D3-BF4B-00C04F79EFBC}") = "DomainClasses", "DomainClasses\DomainClasses.csproj", "{B6CF2144-EE65-4CE6-BED9-BF1DEF4813BA}"
EndProject
Project("{FAE04EC0-301F-11D3-BF4B-00C04F79EFBC}") = "CourseScheduleConsole", "CourseScheduleConsole\CourseScheduleConsole.csproj", "{30D49A0C-DFB5-4CEA-B05E-5C8785A6E125}"
EndProject
Project("{FAE04EC0-301F-11D3-BF4B-00C04F79EFBC}") = "ReferenceTopologicalSort", "ReferenceTopologicalSearch\ReferenceTopologicalSort.csproj", "{C3483560-FFA1-474F-AB1D-58541B9EE819}"
EndProject
Project("{FAE04EC0-301F-11D3-BF4B-00C04F79EFBC}") = "ReferenceTopologicalSort.Test", "TopologicalSort.Test\ReferenceTopologicalSort.Test.csproj", "{3B3AAF5B-CEA3-48C5-8818-16956E813FF2}"
EndProject
Global
	GlobalSection(SolutionConfigurationPlatforms) = preSolution
		Debug|Any CPU = Debug|Any CPU
		Release|Any CPU = Release|Any CPU
	EndGlobalSection
	GlobalSection(ProjectConfigurationPlatforms) = postSolution
		{C4C70E29-919B-4E76-9C6E-BA095627FF26}.Debug|Any CPU.ActiveCfg = Debug|Any CPU
		{C4C70E29-919B-4E76-9C6E-BA095627FF26}.Debug|Any CPU.Build.0 = Debug|Any CPU
		{C4C70E29-919B-4E76-9C6E-BA095627FF26}.Release|Any CPU.ActiveCfg = Release|Any CPU
		{C4C70E29-919B-4E76-9C6E-BA095627FF26}.Release|Any CPU.Build.0 = Release|Any CPU
		{9B10D360-E4CE-4D50-A198-6E3E0B9AC3C6}.Debug|Any CPU.ActiveCfg = Debug|Any CPU
		{9B10D360-E4CE-4D50-A198-6E3E0B9AC3C6}.Debug|Any CPU.Build.0 = Debug|Any CPU
		{9B10D360-E4CE-4D50-A198-6E3E0B9AC3C6}.Release|Any CPU.ActiveCfg = Release|Any CPU
		{9B10D360-E4CE-4D50-A198-6E3E0B9AC3C6}.Release|Any CPU.Build.0 = Release|Any CPU
		{45737CBF-3D83-462F-AD6D-D036B6D56928}.Debug|Any CPU.ActiveCfg = Debug|Any CPU
		{45737CBF-3D83-462F-AD6D-D036B6D56928}.Debug|Any CPU.Build.0 = Debug|Any CPU
		{45737CBF-3D83-462F-AD6D-D036B6D56928}.Release|Any CPU.ActiveCfg = Release|Any CPU
		{45737CBF-3D83-462F-AD6D-D036B6D56928}.Release|Any CPU.Build.0 = Release|Any CPU
		{B6CF2144-EE65-4CE6-BED9-BF1DEF4813BA}.Debug|Any CPU.ActiveCfg = Debug|Any CPU
		{B6CF2144-EE65-4CE6-BED9-BF1DEF4813BA}.Debug|Any CPU.Build.0 = Debug|Any CPU
		{B6CF2144-EE65-4CE6-BED9-BF1DEF4813BA}.Release|Any CPU.ActiveCfg = Release|Any CPU
		{B6CF2144-EE65-4CE6-BED9-BF1DEF4813BA}.Release|Any CPU.Build.0 = Release|Any CPU
		{30D49A0C-DFB5-4CEA-B05E-5C8785A6E125}.Debug|Any CPU.ActiveCfg = Debug|Any CPU
		{30D49A0C-DFB5-4CEA-B05E-5C8785A6E125}.Debug|Any CPU.Build.0 = Debug|Any CPU
		{30D49A0C-DFB5-4CEA-B05E-5C8785A6E125}.Release|Any CPU.ActiveCfg = Release|Any CPU
		{30D49A0C-DFB5-4CEA-B05E-5C8785A6E125}.Release|Any CPU.Build.0 = Release|Any CPU
		{C3483560-FFA1-474F-AB1D-58541B9EE819}.Debug|Any CPU.ActiveCfg = Debug|Any CPU
		{C3483560-FFA1-474F-AB1D-58541B9EE819}.Debug|Any CPU.Build.0 = Debug|Any CPU
		{C3483560-FFA1-474F-AB1D-58541B9EE819}.Release|Any CPU.ActiveCfg = Release|Any CPU
		{C3483560-FFA1-474F-AB1D-58541B9EE819}.Release|Any CPU.Build.0 = Release|Any CPU
		{3B3AAF5B-CEA3-48C5-8818-16956E813FF2}.Debug|Any CPU.ActiveCfg = Debug|Any CPU
		{3B3AAF5B-CEA3-48C5-8818-16956E813FF2}.Debug|Any CPU.Build.0 = Debug|Any CPU
		{3B3AAF5B-CEA3-48C5-8818-16956E813FF2}.Release|Any CPU.ActiveCfg = Release|Any CPU
		{3B3AAF5B-CEA3-48C5-8818-16956E813FF2}.Release|Any CPU.Build.0 = Release|Any CPU
	EndGlobalSection
	GlobalSection(SolutionProperties) = preSolution
		HideSolutionNode = FALSE
	EndGlobalSection
EndGlobal
